
Microsoft Visual Studio Solution File, Format Version 12.00
# Visual Studio 14
VisualStudioVersion = 14.0.22310.1
MinimumVisualStudioVersion = 10.0.40219.1
Project("{2150E333-8FDC-42A3-9474-1A3956D46DE8}") = "Engine", "Engine", "{E8475BEA-AAE5-4C3A-9BB8-78C84EA390C4}"
EndProject
Project("{2150E333-8FDC-42A3-9474-1A3956D46DE8}") = "Games", "Games", "{5C2B5D62-47B7-4161-AFCC-8CE400DEA411}"
EndProject
Project("{8BC9CEB8-8B4A-11D0-8D11-00A0C91BC942}") = "UE4", "Intermediate\ProjectFiles\UE4.vcxproj", "{98B1A489-C594-478E-8F32-4C3ED4B2E065}"
EndProject
Project("{8BC9CEB8-8B4A-11D0-8D11-00A0C91BC942}") = "unreal_first_project", "Intermediate\ProjectFiles\unreal_first_project.vcxproj", "{B0AA2DE8-5944-41BE-9DD5-5357A4EB7EBA}"
EndProject
Global
	GlobalSection(SolutionConfigurationPlatforms) = preSolution
		DebugGame Editor|HTML5 = DebugGame Editor|HTML5
		DebugGame Editor|Win32 = DebugGame Editor|Win32
		DebugGame Editor|Win64 = DebugGame Editor|Win64
		DebugGame|HTML5 = DebugGame|HTML5
		DebugGame|Win32 = DebugGame|Win32
		DebugGame|Win64 = DebugGame|Win64
		Development Editor|HTML5 = Development Editor|HTML5
		Development Editor|Win32 = Development Editor|Win32
		Development Editor|Win64 = Development Editor|Win64
		Development|HTML5 = Development|HTML5
		Development|Win32 = Development|Win32
		Development|Win64 = Development|Win64
		Shipping|HTML5 = Shipping|HTML5
		Shipping|Win32 = Shipping|Win32
		Shipping|Win64 = Shipping|Win64
	EndGlobalSection
	GlobalSection(ProjectConfigurationPlatforms) = postSolution
		{B0AA2DE8-5944-41BE-9DD5-5357A4EB7EBA}.DebugGame Editor|HTML5.ActiveCfg = HTML5_DebugGame_Editor|Win32
		{B0AA2DE8-5944-41BE-9DD5-5357A4EB7EBA}.DebugGame Editor|Win32.ActiveCfg = DebugGame_Editor|Win32
		{B0AA2DE8-5944-41BE-9DD5-5357A4EB7EBA}.DebugGame Editor|Win64.ActiveCfg = DebugGame_Editor|x64
		{B0AA2DE8-5944-41BE-9DD5-5357A4EB7EBA}.DebugGame Editor|Win64.Build.0 = DebugGame_Editor|x64
		{B0AA2DE8-5944-41BE-9DD5-5357A4EB7EBA}.DebugGame|HTML5.ActiveCfg = HTML5_DebugGame_Game|Win32
		{B0AA2DE8-5944-41BE-9DD5-5357A4EB7EBA}.DebugGame|HTML5.Build.0 = HTML5_DebugGame_Game|Win32
		{B0AA2DE8-5944-41BE-9DD5-5357A4EB7EBA}.DebugGame|Win32.ActiveCfg = DebugGame_Game|Win32
		{B0AA2DE8-5944-41BE-9DD5-5357A4EB7EBA}.DebugGame|Win32.Build.0 = DebugGame_Game|Win32
		{B0AA2DE8-5944-41BE-9DD5-5357A4EB7EBA}.DebugGame|Win64.ActiveCfg = DebugGame_Game|x64
		{B0AA2DE8-5944-41BE-9DD5-5357A4EB7EBA}.DebugGame|Win64.Build.0 = DebugGame_Game|x64
		{B0AA2DE8-5944-41BE-9DD5-5357A4EB7EBA}.Development Editor|HTML5.ActiveCfg = HTML5_Development_Editor|Win32
		{B0AA2DE8-5944-41BE-9DD5-5357A4EB7EBA}.Development Editor|Win32.ActiveCfg = Development_Editor|Win32
		{B0AA2DE8-5944-41BE-9DD5-5357A4EB7EBA}.Development Editor|Win64.ActiveCfg = Development_Editor|x64
		{B0AA2DE8-5944-41BE-9DD5-5357A4EB7EBA}.Development Editor|Win64.Build.0 = Development_Editor|x64
		{B0AA2DE8-5944-41BE-9DD5-5357A4EB7EBA}.Development|HTML5.ActiveCfg = HTML5_Development_Game|Win32
		{B0AA2DE8-5944-41BE-9DD5-5357A4EB7EBA}.Development|HTML5.Build.0 = HTML5_Development_Game|Win32
		{B0AA2DE8-5944-41BE-9DD5-5357A4EB7EBA}.Development|Win32.ActiveCfg = Development_Game|Win32
		{B0AA2DE8-5944-41BE-9DD5-5357A4EB7EBA}.Development|Win32.Build.0 = Development_Game|Win32
		{B0AA2DE8-5944-41BE-9DD5-5357A4EB7EBA}.Development|Win64.ActiveCfg = Development_Game|x64
		{B0AA2DE8-5944-41BE-9DD5-5357A4EB7EBA}.Development|Win64.Build.0 = Development_Game|x64
		{B0AA2DE8-5944-41BE-9DD5-5357A4EB7EBA}.Shipping|HTML5.ActiveCfg = HTML5_Shipping_Game|Win32
		{B0AA2DE8-5944-41BE-9DD5-5357A4EB7EBA}.Shipping|HTML5.Build.0 = HTML5_Shipping_Game|Win32
		{B0AA2DE8-5944-41BE-9DD5-5357A4EB7EBA}.Shipping|Win32.ActiveCfg = Shipping_Game|Win32
		{B0AA2DE8-5944-41BE-9DD5-5357A4EB7EBA}.Shipping|Win32.Build.0 = Shipping_Game|Win32
		{B0AA2DE8-5944-41BE-9DD5-5357A4EB7EBA}.Shipping|Win64.ActiveCfg = Shipping_Game|x64
		{B0AA2DE8-5944-41BE-9DD5-5357A4EB7EBA}.Shipping|Win64.Build.0 = Shipping_Game|x64
	EndGlobalSection
	GlobalSection(SolutionProperties) = preSolution
		HideSolutionNode = FALSE
	EndGlobalSection
	GlobalSection(NestedProjects) = preSolution
		{98B1A489-C594-478E-8F32-4C3ED4B2E065} = {E8475BEA-AAE5-4C3A-9BB8-78C84EA390C4}
		{B0AA2DE8-5944-41BE-9DD5-5357A4EB7EBA} = {5C2B5D62-47B7-4161-AFCC-8CE400DEA411}
	EndGlobalSection
EndGlobal
